
Microsoft Visual Studio Solution File, Format Version 12.00
# Visual Studio 15
VisualStudioVersion = 15.0.28307.705
MinimumVisualStudioVersion = 10.0.40219.1
Project("{FAE04EC0-301F-11D3-BF4B-00C04F79EFBC}") = "ServicioWeb", "ServicioWeb\ServicioWeb.csproj", "{D464DD70-568F-409F-A792-45FEC437CD5B}"
EndProject
Project("{FAE04EC0-301F-11D3-BF4B-00C04F79EFBC}") = "Pruebas", "Pruebas\Pruebas.csproj", "{FDA03682-73FE-4976-AB3A-C1C6634AB65C}"
EndProject
Project("{FAE04EC0-301F-11D3-BF4B-00C04F79EFBC}") = "ClienteImperio", "ClienteImperio\ClienteImperio.csproj", "{CDF5AF0A-7C0E-4352-B52D-9C69598A1448}"
	ProjectSection(ProjectDependencies) = postProject
		{D464DD70-568F-409F-A792-45FEC437CD5B} = {D464DD70-568F-409F-A792-45FEC437CD5B}
	EndProjectSection
EndProject
Global
	GlobalSection(SolutionConfigurationPlatforms) = preSolution
		Debug|Any CPU = Debug|Any CPU
		Release|Any CPU = Release|Any CPU
	EndGlobalSection
	GlobalSection(ProjectConfigurationPlatforms) = postSolution
		{D464DD70-568F-409F-A792-45FEC437CD5B}.Debug|Any CPU.ActiveCfg = Debug|Any CPU
		{D464DD70-568F-409F-A792-45FEC437CD5B}.Debug|Any CPU.Build.0 = Debug|Any CPU
		{D464DD70-568F-409F-A792-45FEC437CD5B}.Release|Any CPU.ActiveCfg = Release|Any CPU
		{D464DD70-568F-409F-A792-45FEC437CD5B}.Release|Any CPU.Build.0 = Release|Any CPU
		{FDA03682-73FE-4976-AB3A-C1C6634AB65C}.Debug|Any CPU.ActiveCfg = Debug|Any CPU
		{FDA03682-73FE-4976-AB3A-C1C6634AB65C}.Debug|Any CPU.Build.0 = Debug|Any CPU
		{FDA03682-73FE-4976-AB3A-C1C6634AB65C}.Release|Any CPU.ActiveCfg = Release|Any CPU
		{FDA03682-73FE-4976-AB3A-C1C6634AB65C}.Release|Any CPU.Build.0 = Release|Any CPU
		{CDF5AF0A-7C0E-4352-B52D-9C69598A1448}.Debug|Any CPU.ActiveCfg = Debug|Any CPU
		{CDF5AF0A-7C0E-4352-B52D-9C69598A1448}.Debug|Any CPU.Build.0 = Debug|Any CPU
		{CDF5AF0A-7C0E-4352-B52D-9C69598A1448}.Release|Any CPU.ActiveCfg = Release|Any CPU
		{CDF5AF0A-7C0E-4352-B52D-9C69598A1448}.Release|Any CPU.Build.0 = Release|Any CPU
	EndGlobalSection
	GlobalSection(SolutionProperties) = preSolution
		HideSolutionNode = FALSE
	EndGlobalSection
	GlobalSection(ExtensibilityGlobals) = postSolution
		SolutionGuid = {415EBF1D-84D0-4A3C-A0C1-0189FF3C7893}
	EndGlobalSection
EndGlobal
